
Microsoft Visual Studio Solution File, Format Version 12.00
# Visual Studio 15
Project("{FAE04EC0-301F-11D3-BF4B-00C04F79EFBC}") = "Assembly-CSharp", "Assembly-CSharp.csproj", "{F644F7D5-8CEB-459B-2763-463A34AD34DB}"
EndProject
Global
	GlobalSection(SolutionConfigurationPlatforms) = preSolution
		Debug|Any CPU = Debug|Any CPU
		Release|Any CPU = Release|Any CPU
	EndGlobalSection
	GlobalSection(ProjectConfigurationPlatforms) = postSolution
		{F644F7D5-8CEB-459B-2763-463A34AD34DB}.Debug|Any CPU.ActiveCfg = Debug|Any CPU
		{F644F7D5-8CEB-459B-2763-463A34AD34DB}.Debug|Any CPU.Build.0 = Debug|Any CPU
		{F644F7D5-8CEB-459B-2763-463A34AD34DB}.Release|Any CPU.ActiveCfg = Release|Any CPU
		{F644F7D5-8CEB-459B-2763-463A34AD34DB}.Release|Any CPU.Build.0 = Release|Any CPU
	EndGlobalSection
	GlobalSection(SolutionProperties) = preSolution
		HideSolutionNode = FALSE
	EndGlobalSection
EndGlobal
